# THIS IS AN AUTOGENERATED FILE. DO NOT EDIT THIS FILE DIRECTLY.
# yarn lockfile v1


"@iconify/icons-akar-icons@^1.1.16":
  version "1.1.16"
  resolved "https://registry.yarnpkg.com/@iconify/icons-akar-icons/-/icons-akar-icons-1.1.16.tgz#8789a154a4a9c8c145a717b9c8a75feddcbd3777"
  integrity sha512-9cTsrKwwya3ayGLAYibohOoophJH75/HC0knfumPmVPhziirK5Ty5ikNxug403Oj8a2qGZy3UGeQTFmNg0TKBQ==

emailjs-com@^3.1.0:
  version "3.1.0"
  resolved "https://registry.yarnpkg.com/emailjs-com/-/emailjs-com-3.1.0.tgz#442927269bf04f366ca30d67b4272f55961979da"
  integrity sha512-e6rs1F2wTl4vrsTXNNCUPK5cFfuPXYcKJlZgPtsThOidIp5dbgNS5SUrpnP3qxt9p5Om0lkFCVkmBi1a6hQFnw==

hooper@^0.3.4:
  version "0.3.4"
  resolved "https://registry.yarnpkg.com/hooper/-/hooper-0.3.4.tgz#afb425d23f47f931ce2a9c00b755992cb0e2bcf9"
  integrity sha512-hV1c+MCiCfVjltdvZIgTrGYHInvhKiNLVNOT/hRWbfjZNIS9H6F6ZUPeaxhxrYkjsEL96Z0RIs+4YPoBqrrrHQ==
